Microsoft Visual Studio Solution File, Format Version 10.00
# Visual Studio 2008
Project("{8BC9CEB8-8B4A-11D0-8D11-00A0C91BC942}") = "ICE", "ICE.vcproj", "{37497268-7FD2-410C-863E-0E88E05AC7C7}"
EndProject
Project("{8BC9CEB8-8B4A-11D0-8D11-00A0C91BC942}") = "IGCLib", "IGCLib\IGCLib.vcproj", "{EDE83343-470F-4718-AF8E-1F1D438EA77D}"
EndProject
Global
	GlobalSection(SolutionConfigurationPlatforms) = preSolution
		Debug|Win32 = Debug|Win32
		Release|Win32 = Release|Win32
	EndGlobalSection
	GlobalSection(ProjectConfigurationPlatforms) = postSolution
		{37497268-7FD2-410C-863E-0E88E05AC7C7}.Debug|Win32.ActiveCfg = Debug|Win32
		{37497268-7FD2-410C-863E-0E88E05AC7C7}.Debug|Win32.Build.0 = Debug|Win32
		{37497268-7FD2-410C-863E-0E88E05AC7C7}.Release|Win32.ActiveCfg = Release|Win32
		{37497268-7FD2-410C-863E-0E88E05AC7C7}.Release|Win32.Build.0 = Release|Win32
		{EDE83343-470F-4718-AF8E-1F1D438EA77D}.Debug|Win32.ActiveCfg = Debug|Win32
		{EDE83343-470F-4718-AF8E-1F1D438EA77D}.Debug|Win32.Build.0 = Debug|Win32
		{EDE83343-470F-4718-AF8E-1F1D438EA77D}.Release|Win32.ActiveCfg = Release|Win32
		{EDE83343-470F-4718-AF8E-1F1D438EA77D}.Release|Win32.Build.0 = Release|Win32
	EndGlobalSection
	GlobalSection(SolutionProperties) = preSolution
		HideSolutionNode = FALSE
	EndGlobalSection
EndGlobal
