Microsoft Visual Studio Solution File, Format Version 10.00
# Visual Studio 2008
Project("{8BC9CEB8-8B4A-11D0-8D11-00A0C91BC942}") = "ICE", "ICE.vcproj", "{37497268-7FD2-410C-863E-0E88E05AC7C7}"
EndProject
Project("{8BC9CEB8-8B4A-11D0-8D11-00A0C91BC942}") = "IGCProxy", "IGCProxy\IGCProxy.vcproj", "{EDE83343-470F-4718-AF8E-1F1D438EA77D}"
EndProject
Project("{FAE04EC0-301F-11D3-BF4B-00C04F79EFBC}") = "ICECube", "ICECube\ICECube.csproj", "{9C76CAAC-82F8-460C-B072-44987D8E28F7}"
EndProject
Global
	GlobalSection(SolutionConfigurationPlatforms) = preSolution
		Debug|Any CPU = Debug|Any CPU
		Debug|Mixed Platforms = Debug|Mixed Platforms
		Debug|Win32 = Debug|Win32
		Release|Any CPU = Release|Any CPU
		Release|Mixed Platforms = Release|Mixed Platforms
		Release|Win32 = Release|Win32
	EndGlobalSection
	GlobalSection(ProjectConfigurationPlatforms) = postSolution
		{37497268-7FD2-410C-863E-0E88E05AC7C7}.Debug|Any CPU.ActiveCfg = Debug|Win32
		{37497268-7FD2-410C-863E-0E88E05AC7C7}.Debug|Mixed Platforms.ActiveCfg = Debug|Win32
		{37497268-7FD2-410C-863E-0E88E05AC7C7}.Debug|Mixed Platforms.Build.0 = Debug|Win32
		{37497268-7FD2-410C-863E-0E88E05AC7C7}.Debug|Win32.ActiveCfg = Debug|Win32
		{37497268-7FD2-410C-863E-0E88E05AC7C7}.Debug|Win32.Build.0 = Debug|Win32
		{37497268-7FD2-410C-863E-0E88E05AC7C7}.Release|Any CPU.ActiveCfg = Release|Win32
		{37497268-7FD2-410C-863E-0E88E05AC7C7}.Release|Mixed Platforms.ActiveCfg = Release|Win32
		{37497268-7FD2-410C-863E-0E88E05AC7C7}.Release|Mixed Platforms.Build.0 = Release|Win32
		{37497268-7FD2-410C-863E-0E88E05AC7C7}.Release|Win32.ActiveCfg = Release|Win32
		{37497268-7FD2-410C-863E-0E88E05AC7C7}.Release|Win32.Build.0 = Release|Win32
		{EDE83343-470F-4718-AF8E-1F1D438EA77D}.Debug|Any CPU.ActiveCfg = Debug|Win32
		{EDE83343-470F-4718-AF8E-1F1D438EA77D}.Debug|Mixed Platforms.ActiveCfg = Debug|Win32
		{EDE83343-470F-4718-AF8E-1F1D438EA77D}.Debug|Mixed Platforms.Build.0 = Debug|Win32
		{EDE83343-470F-4718-AF8E-1F1D438EA77D}.Debug|Win32.ActiveCfg = Debug|Win32
		{EDE83343-470F-4718-AF8E-1F1D438EA77D}.Debug|Win32.Build.0 = Debug|Win32
		{EDE83343-470F-4718-AF8E-1F1D438EA77D}.Release|Any CPU.ActiveCfg = Release|Win32
		{EDE83343-470F-4718-AF8E-1F1D438EA77D}.Release|Mixed Platforms.ActiveCfg = Release|Win32
		{EDE83343-470F-4718-AF8E-1F1D438EA77D}.Release|Mixed Platforms.Build.0 = Release|Win32
		{EDE83343-470F-4718-AF8E-1F1D438EA77D}.Release|Win32.ActiveCfg = Release|Win32
		{EDE83343-470F-4718-AF8E-1F1D438EA77D}.Release|Win32.Build.0 = Release|Win32
		{9C76CAAC-82F8-460C-B072-44987D8E28F7}.Debug|Any CPU.ActiveCfg = Debug|Any CPU
		{9C76CAAC-82F8-460C-B072-44987D8E28F7}.Debug|Any CPU.Build.0 = Debug|Any CPU
		{9C76CAAC-82F8-460C-B072-44987D8E28F7}.Debug|Mixed Platforms.ActiveCfg = Debug|Any CPU
		{9C76CAAC-82F8-460C-B072-44987D8E28F7}.Debug|Mixed Platforms.Build.0 = Debug|Any CPU
		{9C76CAAC-82F8-460C-B072-44987D8E28F7}.Debug|Win32.ActiveCfg = Debug|Any CPU
		{9C76CAAC-82F8-460C-B072-44987D8E28F7}.Release|Any CPU.ActiveCfg = Release|Any CPU
		{9C76CAAC-82F8-460C-B072-44987D8E28F7}.Release|Any CPU.Build.0 = Release|Any CPU
		{9C76CAAC-82F8-460C-B072-44987D8E28F7}.Release|Mixed Platforms.ActiveCfg = Release|Any CPU
		{9C76CAAC-82F8-460C-B072-44987D8E28F7}.Release|Mixed Platforms.Build.0 = Release|Any CPU
		{9C76CAAC-82F8-460C-B072-44987D8E28F7}.Release|Win32.ActiveCfg = Release|Any CPU
	EndGlobalSection
	GlobalSection(SolutionProperties) = preSolution
		HideSolutionNode = FALSE
	EndGlobalSection
EndGlobal
